
Microsoft Visual Studio Solution File, Format Version 12.00
# Visual Studio Version 17
VisualStudioVersion = 17.11.35222.181
MinimumVisualStudioVersion = 10.0.40219.1
Project("{888888A0-9F3D-457C-B088-3A5042F75D52}") = "ConstraintOptimization", "ConstraintOptimization.pyproj", "{C7A3C93A-18CE-467A-A750-1BD5EEF2B086}"
EndProject
Global
	GlobalSection(SolutionConfigurationPlatforms) = preSolution
		Debug|Any CPU = Debug|Any CPU
		Release|Any CPU = Release|Any CPU
	EndGlobalSection
	GlobalSection(ProjectConfigurationPlatforms) = postSolution
		{C7A3C93A-18CE-467A-A750-1BD5EEF2B086}.Debug|Any CPU.ActiveCfg = Debug|Any CPU
		{C7A3C93A-18CE-467A-A750-1BD5EEF2B086}.Release|Any CPU.ActiveCfg = Release|Any CPU
	EndGlobalSection
	GlobalSection(SolutionProperties) = preSolution
		HideSolutionNode = FALSE
	EndGlobalSection
	GlobalSection(ExtensibilityGlobals) = postSolution
		SolutionGuid = {AC629F20-9391-4559-A9FD-F85A4162BFDC}
	EndGlobalSection
EndGlobal
